
Microsoft Visual Studio Solution File, Format Version 12.00
# Visual Studio Version 17
VisualStudioVersion = 17.3.32825.248
MinimumVisualStudioVersion = 10.0.40219.1
Project("{FAE04EC0-301F-11D3-BF4B-00C04F79EFBC}") = "Card Games", "Card Games\Card Games.csproj", "{4473FB02-F93F-4C7F-ADBC-CE04F2F93CE7}"
EndProject
Global
	GlobalSection(SolutionConfigurationPlatforms) = preSolution
		Debug|Any CPU = Debug|Any CPU
		Release|Any CPU = Release|Any CPU
	EndGlobalSection
	GlobalSection(ProjectConfigurationPlatforms) = postSolution
		{4473FB02-F93F-4C7F-ADBC-CE04F2F93CE7}.Debug|Any CPU.ActiveCfg = Debug|Any CPU
		{4473FB02-F93F-4C7F-ADBC-CE04F2F93CE7}.Debug|Any CPU.Build.0 = Debug|Any CPU
		{4473FB02-F93F-4C7F-ADBC-CE04F2F93CE7}.Release|Any CPU.ActiveCfg = Release|Any CPU
		{4473FB02-F93F-4C7F-ADBC-CE04F2F93CE7}.Release|Any CPU.Build.0 = Release|Any CPU
	EndGlobalSection
	GlobalSection(SolutionProperties) = preSolution
		HideSolutionNode = FALSE
	EndGlobalSection
	GlobalSection(ExtensibilityGlobals) = postSolution
		SolutionGuid = {EA956624-6BAC-4DB5-A0EA-11D2B8187B83}
	EndGlobalSection
EndGlobal
